# THIS IS AN AUTOGENERATED FILE. DO NOT EDIT THIS FILE DIRECTLY.
# yarn lockfile v1


"@pm2/io@^2.1.3":
  version "2.1.3"
  resolved "https://registry.yarnpkg.com/@pm2/io/-/io-2.1.3.tgz#1e93ff44d26c0da76e3f0ce749852f49442862eb"
  dependencies:
    async "2.6.1"
    debug "3.1.0"
    deep-metrics "0.0.2"
    deepmerge "2.1.1"
    event-loop-inspector "1.0.1"
    json-stringify-safe "5.0.1"
    semver "5.5.0"
    signal-exit "3.0.2"
    tslib "1.9.3"
    vxx "1.2.2"

async-listener@^0.6.0:
  version "0.6.9"
  resolved "https://registry.yarnpkg.com/async-listener/-/async-listener-0.6.9.tgz#51bc95e41095417f33922fb4dee4f232b3226488"
  dependencies:
    semver "^5.3.0"
    shimmer "^1.1.0"

async@2.6.1:
  version "2.6.1"
  resolved "https://registry.yarnpkg.com/async/-/async-2.6.1.tgz#b245a23ca71930044ec53fa46aa00a3e87c6a610"
  dependencies:
    lodash "^4.17.10"

continuation-local-storage@^3.1.4:
  version "3.2.1"
  resolved "https://registry.yarnpkg.com/continuation-local-storage/-/continuation-local-storage-3.2.1.tgz#11f613f74e914fe9b34c92ad2d28fe6ae1db7ffb"
  dependencies:
    async-listener "^0.6.0"
    emitter-listener "^1.1.1"

debug@3.1.0:
  version "3.1.0"
  resolved "https://registry.yarnpkg.com/debug/-/debug-3.1.0.tgz#5bb5a0672628b64149566ba16819e61518c67261"
  dependencies:
    ms "2.0.0"

debug@^2.6.3:
  version "2.6.9"
  resolved "https://registry.yarnpkg.com/debug/-/debug-2.6.9.tgz#5d128515df134ff327e90a4c93f4e077a536341f"
  dependencies:
    ms "2.0.0"

deep-metrics@0.0.2:
  version "0.0.2"
  resolved "https://registry.yarnpkg.com/deep-metrics/-/deep-metrics-0.0.2.tgz#180900dea82a2c4b976be2b7684914748f5a0931"
  dependencies:
    semver "^5.3.0"

deepmerge@2.1.1:
  version "2.1.1"
  resolved "https://registry.yarnpkg.com/deepmerge/-/deepmerge-2.1.1.tgz#e862b4e45ea0555072bf51e7fd0d9845170ae768"

emitter-listener@^1.1.1:
  version "1.1.1"
  resolved "https://registry.yarnpkg.com/emitter-listener/-/emitter-listener-1.1.1.tgz#e8bbbe8244bc8e0d0b4ef71cd14294c7f241c7ec"
  dependencies:
    shimmer "^1.2.0"

event-loop-inspector@1.0.1:
  version "1.0.1"
  resolved "https://registry.yarnpkg.com/event-loop-inspector/-/event-loop-inspector-1.0.1.tgz#ef3632b90e716b2aa14372cb01d1263f51520188"

extend@^3.0.0:
  version "3.0.2"
  resolved "https://registry.yarnpkg.com/extend/-/extend-3.0.2.tgz#f8b1136b4071fbd8eb140aff858b1019ec2915fa"

is@^3.2.0:
  version "3.2.1"
  resolved "https://registry.yarnpkg.com/is/-/is-3.2.1.tgz#d0ac2ad55eb7b0bec926a5266f6c662aaa83dca5"

json-stringify-safe@5.0.1:
  version "5.0.1"
  resolved "https://registry.yarnpkg.com/json-stringify-safe/-/json-stringify-safe-5.0.1.tgz#1296a2d58fd45f19a0f6ce01d65701e2c735b6eb"

lodash.findindex@^4.4.0:
  version "4.6.0"
  resolved "https://registry.yarnpkg.com/lodash.findindex/-/lodash.findindex-4.6.0.tgz#a3245dee61fb9b6e0624b535125624bb69c11106"

lodash.isequal@^4.0.0:
  version "4.5.0"
  resolved "https://registry.yarnpkg.com/lodash.isequal/-/lodash.isequal-4.5.0.tgz#415c4478f2bcc30120c22ce10ed3226f7d3e18e0"

lodash.merge@^4.6.0:
  version "4.6.1"
  resolved "https://registry.yarnpkg.com/lodash.merge/-/lodash.merge-4.6.1.tgz#adc25d9cb99b9391c59624f379fbba60d7111d54"

lodash@^4.17.10:
  version "4.17.10"
  resolved "https://registry.yarnpkg.com/lodash/-/lodash-4.17.10.tgz#1b7793cf7259ea38fb3661d4d38b3260af8ae4e7"

methods@^1.1.1:
  version "1.1.2"
  resolved "https://registry.yarnpkg.com/methods/-/methods-1.1.2.tgz#5529a4d67654134edcc5266656835b0f851afcee"

ms@2.0.0:
  version "2.0.0"
  resolved "https://registry.yarnpkg.com/ms/-/ms-2.0.0.tgz#5608aeadfc00be6c2901df5f9861788de0d597c8"

semver@5.5.0, semver@^5.0.1, semver@^5.3.0:
  version "5.5.0"
  resolved "https://registry.yarnpkg.com/semver/-/semver-5.5.0.tgz#dc4bbc7a6ca9d916dee5d43516f0092b58f7b8ab"

shimmer@^1.0.0, shimmer@^1.1.0, shimmer@^1.2.0:
  version "1.2.0"
  resolved "https://registry.yarnpkg.com/shimmer/-/shimmer-1.2.0.tgz#f966f7555789763e74d8841193685a5e78736665"

signal-exit@3.0.2:
  version "3.0.2"
  resolved "https://registry.yarnpkg.com/signal-exit/-/signal-exit-3.0.2.tgz#b5fdc08f1287ea1178628e415e25132b73646c6d"

tslib@1.9.3:
  version "1.9.3"
  resolved "https://registry.yarnpkg.com/tslib/-/tslib-1.9.3.tgz#d7e4dd79245d85428c4d7e4822a79917954ca286"

uuid@^3.0.1:
  version "3.3.2"
  resolved "https://registry.yarnpkg.com/uuid/-/uuid-3.3.2.tgz#1b4af4955eb3077c501c23872fc6513811587131"

vxx@1.2.2:
  version "1.2.2"
  resolved "https://registry.yarnpkg.com/vxx/-/vxx-1.2.2.tgz#741fb51c6f11d3383da6f9b92018a5d7ba807611"
  dependencies:
    continuation-local-storage "^3.1.4"
    debug "^2.6.3"
    extend "^3.0.0"
    is "^3.2.0"
    lodash.findindex "^4.4.0"
    lodash.isequal "^4.0.0"
    lodash.merge "^4.6.0"
    methods "^1.1.1"
    semver "^5.0.1"
    shimmer "^1.0.0"
    uuid "^3.0.1"
